
Microsoft Visual Studio Solution File, Format Version 12.00
# Visual Studio Version 17
VisualStudioVersion = 17.0.31919.166
MinimumVisualStudioVersion = 10.0.40219.1
Project("{FAE04EC0-301F-11D3-BF4B-00C04F79EFBC}") = "AppAPI", "AppAPI\AppAPI.csproj", "{74AE8066-8E92-456D-988C-113C883C931D}"
EndProject
Global
	GlobalSection(SolutionConfigurationPlatforms) = preSolution
		Debug|Any CPU = Debug|Any CPU
		Release|Any CPU = Release|Any CPU
	EndGlobalSection
	GlobalSection(ProjectConfigurationPlatforms) = postSolution
		{74AE8066-8E92-456D-988C-113C883C931D}.Debug|Any CPU.ActiveCfg = Debug|Any CPU
		{74AE8066-8E92-456D-988C-113C883C931D}.Debug|Any CPU.Build.0 = Debug|Any CPU
		{74AE8066-8E92-456D-988C-113C883C931D}.Release|Any CPU.ActiveCfg = Release|Any CPU
		{74AE8066-8E92-456D-988C-113C883C931D}.Release|Any CPU.Build.0 = Release|Any CPU
	EndGlobalSection
	GlobalSection(SolutionProperties) = preSolution
		HideSolutionNode = FALSE
	EndGlobalSection
	GlobalSection(ExtensibilityGlobals) = postSolution
		SolutionGuid = {6D9A2A29-92FA-4835-BB51-F8EF66456E99}
	EndGlobalSection
EndGlobal
